
Microsoft Visual Studio Solution File, Format Version 12.00
# Visual Studio 15
VisualStudioVersion = 15.0.26228.4
MinimumVisualStudioVersion = 10.0.40219.1
Project("{FAE04EC0-301F-11D3-BF4B-00C04F79EFBC}") = "POCApp2", "POCApp2\POCApp2.csproj", "{514C7BF4-4D36-43A1-86B1-1227410CDD57}"
EndProject
Project("{FAE04EC0-301F-11D3-BF4B-00C04F79EFBC}") = "POCApp2.Tests", "POCApp2.Tests\POCApp2.Tests.csproj", "{9ECFCCC3-282A-4003-8AA3-7A96B2082999}"
EndProject
Global
	GlobalSection(SolutionConfigurationPlatforms) = preSolution
		Debug|Any CPU = Debug|Any CPU
		Release|Any CPU = Release|Any CPU
	EndGlobalSection
	GlobalSection(ProjectConfigurationPlatforms) = postSolution
		{514C7BF4-4D36-43A1-86B1-1227410CDD57}.Debug|Any CPU.ActiveCfg = Debug|Any CPU
		{514C7BF4-4D36-43A1-86B1-1227410CDD57}.Debug|Any CPU.Build.0 = Debug|Any CPU
		{514C7BF4-4D36-43A1-86B1-1227410CDD57}.Release|Any CPU.ActiveCfg = Release|Any CPU
		{514C7BF4-4D36-43A1-86B1-1227410CDD57}.Release|Any CPU.Build.0 = Release|Any CPU
		{9ECFCCC3-282A-4003-8AA3-7A96B2082999}.Debug|Any CPU.ActiveCfg = Debug|Any CPU
		{9ECFCCC3-282A-4003-8AA3-7A96B2082999}.Debug|Any CPU.Build.0 = Debug|Any CPU
		{9ECFCCC3-282A-4003-8AA3-7A96B2082999}.Release|Any CPU.ActiveCfg = Release|Any CPU
		{9ECFCCC3-282A-4003-8AA3-7A96B2082999}.Release|Any CPU.Build.0 = Release|Any CPU
	EndGlobalSection
	GlobalSection(SolutionProperties) = preSolution
		HideSolutionNode = FALSE
	EndGlobalSection
EndGlobal
